// !$*UTF8*$!
{
	archiveVersion = 1;
	classes = {
	};
	objectVersion = 46;
	objects = {

/* Begin PBXBuildFile section */
		44F72D181AECBDE0003BA3DA /* main.m in Sources */ = {isa = PBXBuildFile; fileRef = 44F72D171AECBDE0003BA3DA /* main.m */; };
		44F72D1B1AECBDE0003BA3DA /* AppDelegate.m in Sources */ = {isa = PBXBuildFile; fileRef = 44F72D1A1AECBDE0003BA3DA /* AppDelegate.m */; };
		44F72D1E1AECBDE0003BA3DA /* ViewController.m in Sources */ = {isa = PBXBuildFile; fileRef = 44F72D1D1AECBDE0003BA3DA /* ViewController.m */; };
		44F72D211AECBDE0003BA3DA /* Main.storyboard in Resources */ = {isa = PBXBuildFile; fileRef = 44F72D1F1AECBDE0003BA3DA /* Main.storyboard */; };
		44F72D231AECBDE0003BA3DA /* Images.xcassets in Resources */ = {isa = PBXBuildFile; fileRef = 44F72D221AECBDE0003BA3DA /* Images.xcassets */; };
		44F72D261AECBDE0003BA3DA /* LaunchScreen.xib in Resources */ = {isa = PBXBuildFile; fileRef = 44F72D241AECBDE0003BA3DA /* LaunchScreen.xib */; };
		44F72D321AECBDE0003BA3DA /* PlayWithTableViewTests.m in Sources */ = {isa = PBXBuildFile; fileRef = 44F72D311AECBDE0003BA3DA /* PlayWithTableViewTests.m */; };
		44F72D421AECD759003BA3DA /* astra.jpg in Resources */ = {isa = PBXBuildFile; fileRef = 44F72D3C1AECD759003BA3DA /* astra.jpg */; };
		44F72D431AECD759003BA3DA /* gladi.jpg in Resources */ = {isa = PBXBuildFile; fileRef = 44F72D3D1AECD759003BA3DA /* gladi.jpg */; };
		44F72D441AECD759003BA3DA /* hriza.jpg in Resources */ = {isa = PBXBuildFile; fileRef = 44F72D3E1AECD759003BA3DA /* hriza.jpg */; };
		44F72D451AECD759003BA3DA /* krokus.jpg in Resources */ = {isa = PBXBuildFile; fileRef = 44F72D3F1AECD759003BA3DA /* krokus.jpg */; };
		44F72D461AECD759003BA3DA /* rose.png in Resources */ = {isa = PBXBuildFile; fileRef = 44F72D401AECD759003BA3DA /* rose.png */; };
		44F72D471AECD759003BA3DA /* tulip.jpg in Resources */ = {isa = PBXBuildFile; fileRef = 44F72D411AECD759003BA3DA /* tulip.jpg */; };
		44F72D4A1AECD7EA003BA3DA /* ImageViewController.m in Sources */ = {isa = PBXBuildFile; fileRef = 44F72D491AECD7EA003BA3DA /* ImageViewController.m */; };
/* End PBXBuildFile section */

/* Begin PBXContainerItemProxy section */
		44F72D2C1AECBDE0003BA3DA /* PBXContainerItemProxy */ = {
			isa = PBXContainerItemProxy;
			containerPortal = 44F72D0A1AECBDDF003BA3DA /* Project object */;
			proxyType = 1;
			remoteGlobalIDString = 44F72D111AECBDDF003BA3DA;
			remoteInfo = PlayWithTableView;
		};
/* End PBXContainerItemProxy section */

/* Begin PBXFileReference section */
		44F72D121AECBDE0003BA3DA /* PlayWithTableView.app */ = {isa = PBXFileReference; explicitFileType = wrapper.application; includeInIndex = 0; path = PlayWithTableView.app; sourceTree = BUILT_PRODUCTS_DIR; };
		44F72D161AECBDE0003BA3DA /* Info.plist */ = {isa = PBXFileReference; lastKnownFileType = text.plist.xml; path = Info.plist; sourceTree = "<group>"; };
		44F72D171AECBDE0003BA3DA /* main.m */ = {isa = PBXFileReference; lastKnownFileType = sourcecode.c.objc; path = main.m; sourceTree = "<group>"; };
		44F72D191AECBDE0003BA3DA /* AppDelegate.h */ = {isa = PBXFileReference; lastKnownFileType = sourcecode.c.h; path = AppDelegate.h; sourceTree = "<group>"; };
		44F72D1A1AECBDE0003BA3DA /* AppDelegate.m */ = {isa = PBXFileReference; lastKnownFileType = sourcecode.c.objc; path = AppDelegate.m; sourceTree = "<group>"; };
		44F72D1C1AECBDE0003BA3DA /* ViewController.h */ = {isa = PBXFileReference; lastKnownFileType = sourcecode.c.h; path = ViewController.h; sourceTree = "<group>"; };
		44F72D1D1AECBDE0003BA3DA /* ViewController.m */ = {isa = PBXFileReference; lastKnownFileType = sourcecode.c.objc; path = ViewController.m; sourceTree = "<group>"; };
		44F72D201AECBDE0003BA3DA /* Base */ = {isa = PBXFileReference; lastKnownFileType = file.storyboard; name = Base; path = Base.lproj/Main.storyboard; sourceTree = "<group>"; };
		44F72D221AECBDE0003BA3DA /* Images.xcassets */ = {isa = PBXFileReference; lastKnownFileType = folder.assetcatalog; path = Images.xcassets; sourceTree = "<group>"; };
		44F72D251AECBDE0003BA3DA /* Base */ = {isa = PBXFileReference; lastKnownFileType = file.xib; name = Base; path = Base.lproj/LaunchScreen.xib; sourceTree = "<group>"; };
		44F72D2B1AECBDE0003BA3DA /* PlayWithTableViewTests.xctest */ = {isa = PBXFileReference; explicitFileType = wrapper.cfbundle; includeInIndex = 0; path = PlayWithTableViewTests.xctest; sourceTree = BUILT_PRODUCTS_DIR; };
		44F72D301AECBDE0003BA3DA /* Info.plist */ = {isa = PBXFileReference; lastKnownFileType = text.plist.xml; path = Info.plist; sourceTree = "<group>"; };
		44F72D311AECBDE0003BA3DA /* PlayWithTableViewTests.m */ = {isa = PBXFileReference; lastKnownFileType = sourcecode.c.objc; path = PlayWithTableViewTests.m; sourceTree = "<group>"; };
		44F72D3C1AECD759003BA3DA /* astra.jpg */ = {isa = PBXFileReference; lastKnownFileType = image.jpeg; path = astra.jpg; sourceTree = "<group>"; };
		44F72D3D1AECD759003BA3DA /* gladi.jpg */ = {isa = PBXFileReference; lastKnownFileType = image.jpeg; path = gladi.jpg; sourceTree = "<group>"; };
		44F72D3E1AECD759003BA3DA /* hriza.jpg */ = {isa = PBXFileReference; lastKnownFileType = image.jpeg; path = hriza.jpg; sourceTree = "<group>"; };
		44F72D3F1AECD759003BA3DA /* krokus.jpg */ = {isa = PBXFileReference; lastKnownFileType = image.jpeg; path = krokus.jpg; sourceTree = "<group>"; };
		44F72D401AECD759003BA3DA /* rose.png */ = {isa = PBXFileReference; lastKnownFileType = image.png; path = rose.png; sourceTree = "<group>"; };
		44F72D411AECD759003BA3DA /* tulip.jpg */ = {isa = PBXFileReference; lastKnownFileType = image.jpeg; path = tulip.jpg; sourceTree = "<group>"; };
		44F72D481AECD7EA003BA3DA /* ImageViewController.h */ = {isa = PBXFileReference; fileEncoding = 4; lastKnownFileType = sourcecode.c.h; path = ImageViewController.h; sourceTree = "<group>"; };
		44F72D491AECD7EA003BA3DA /* ImageViewController.m */ = {isa = PBXFileReference; fileEncoding = 4; lastKnownFileType = sourcecode.c.objc; path = ImageViewController.m; sourceTree = "<group>"; };
/* End PBXFileReference section */

/* Begin PBXFrameworksBuildPhase section */
		44F72D0F1AECBDDF003BA3DA /* Frameworks */ = {
			isa = PBXFrameworksBuildPhase;
			buildActionMask = 2147483647;
			files = (
			);
			runOnlyForDeploymentPostprocessing = 0;
		};
		44F72D281AECBDE0003BA3DA /* Frameworks */ = {
			isa = PBXFrameworksBuildPhase;
			buildActionMask = 2147483647;
			files = (
			);
			runOnlyForDeploymentPostprocessing = 0;
		};
/* End PBXFrameworksBuildPhase section */

/* Begin PBXGroup section */
		44F72D091AECBDDF003BA3DA = {
			isa = PBXGroup;
			children = (
				44F72D141AECBDE0003BA3DA /* PlayWithTableView */,
				44F72D2E1AECBDE0003BA3DA /* PlayWithTableViewTests */,
				44F72D131AECBDE0003BA3DA /* Products */,
			);
			sourceTree = "<group>";
		};
		44F72D131AECBDE0003BA3DA /* Products */ = {
			isa = PBXGroup;
			children = (
				44F72D121AECBDE0003BA3DA /* PlayWithTableView.app */,
				44F72D2B1AECBDE0003BA3DA /* PlayWithTableViewTests.xctest */,
			);
			name = Products;
			sourceTree = "<group>";
		};
		44F72D141AECBDE0003BA3DA /* PlayWithTableView */ = {
			isa = PBXGroup;
			children = (
				44F72D3B1AECD759003BA3DA /* flowers */,
				44F72D191AECBDE0003BA3DA /* AppDelegate.h */,
				44F72D1A1AECBDE0003BA3DA /* AppDelegate.m */,
				44F72D1C1AECBDE0003BA3DA /* ViewController.h */,
				44F72D1D1AECBDE0003BA3DA /* ViewController.m */,
				44F72D1F1AECBDE0003BA3DA /* Main.storyboard */,
				44F72D221AECBDE0003BA3DA /* Images.xcassets */,
				44F72D241AECBDE0003BA3DA /* LaunchScreen.xib */,
				44F72D151AECBDE0003BA3DA /* Supporting Files */,
				44F72D481AECD7EA003BA3DA /* ImageViewController.h */,
				44F72D491AECD7EA003BA3DA /* ImageViewController.m */,
			);
			path = PlayWithTableView;
			sourceTree = "<group>";
		};
		44F72D151AECBDE0003BA3DA /* Supporting Files */ = {
			isa = PBXGroup;
			children = (
				44F72D161AECBDE0003BA3DA /* Info.plist */,
				44F72D171AECBDE0003BA3DA /* main.m */,
			);
			name = "Supporting Files";
			sourceTree = "<group>";
		};
		44F72D2E1AECBDE0003BA3DA /* PlayWithTableViewTests */ = {
			isa = PBXGroup;
			children = (
				44F72D311AECBDE0003BA3DA /* PlayWithTableViewTests.m */,
				44F72D2F1AECBDE0003BA3DA /* Supporting Files */,
			);
			path = PlayWithTableViewTests;
			sourceTree = "<group>";
		};
		44F72D2F1AECBDE0003BA3DA /* Supporting Files */ = {
			isa = PBXGroup;
			children = (
				44F72D301AECBDE0003BA3DA /* Info.plist */,
			);
			name = "Supporting Files";
			sourceTree = "<group>";
		};
		44F72D3B1AECD759003BA3DA /* flowers */ = {
			isa = PBXGroup;
			children = (
				44F72D3C1AECD759003BA3DA /* astra.jpg */,
				44F72D3D1AECD759003BA3DA /* gladi.jpg */,
				44F72D3E1AECD759003BA3DA /* hriza.jpg */,
				44F72D3F1AECD759003BA3DA /* krokus.jpg */,
				44F72D401AECD759003BA3DA /* rose.png */,
				44F72D411AECD759003BA3DA /* tulip.jpg */,
			);
			path = flowers;
			sourceTree = "<group>";
		};
/* End PBXGroup section */

/* Begin PBXNativeTarget section */
		44F72D111AECBDDF003BA3DA /* PlayWithTableView */ = {
			isa = PBXNativeTarget;
			buildConfigurationList = 44F72D351AECBDE0003BA3DA /* Build configuration list for PBXNativeTarget "PlayWithTableView" */;
			buildPhases = (
				44F72D0E1AECBDDF003BA3DA /* Sources */,
				44F72D0F1AECBDDF003BA3DA /* Frameworks */,
				44F72D101AECBDDF003BA3DA /* Resources */,
			);
			buildRules = (
			);
			dependencies = (
			);
			name = PlayWithTableView;
			productName = PlayWithTableView;
			productReference = 44F72D121AECBDE0003BA3DA /* PlayWithTableView.app */;
			productType = "com.apple.product-type.application";
		};
		44F72D2A1AECBDE0003BA3DA /* PlayWithTableViewTests */ = {
			isa = PBXNativeTarget;
			buildConfigurationList = 44F72D381AECBDE0003BA3DA /* Build configuration list for PBXNativeTarget "PlayWithTableViewTests" */;
			buildPhases = (
				44F72D271AECBDE0003BA3DA /* Sources */,
				44F72D281AECBDE0003BA3DA /* Frameworks */,
				44F72D291AECBDE0003BA3DA /* Resources */,
			);
			buildRules = (
			);
			dependencies = (
				44F72D2D1AECBDE0003BA3DA /* PBXTargetDependency */,
			);
			name = PlayWithTableViewTests;
			productName = PlayWithTableViewTests;
			productReference = 44F72D2B1AECBDE0003BA3DA /* PlayWithTableViewTests.xctest */;
			productType = "com.apple.product-type.bundle.unit-test";
		};
/* End PBXNativeTarget section */

/* Begin PBXProject section */
		44F72D0A1AECBDDF003BA3DA /* Project object */ = {
			isa = PBXProject;
			attributes = {
				LastUpgradeCheck = 0610;
				ORGANIZATIONNAME = "Kate Polyakova";
				TargetAttributes = {
					44F72D111AECBDDF003BA3DA = {
						CreatedOnToolsVersion = 6.1;
					};
					44F72D2A1AECBDE0003BA3DA = {
						CreatedOnToolsVersion = 6.1;
						TestTargetID = 44F72D111AECBDDF003BA3DA;
					};
				};
			};
			buildConfigurationList = 44F72D0D1AECBDDF003BA3DA /* Build configuration list for PBXProject "PlayWithTableView" */;
			compatibilityVersion = "Xcode 3.2";
			developmentRegion = English;
			hasScannedForEncodings = 0;
			knownRegions = (
				en,
				Base,
			);
			mainGroup = 44F72D091AECBDDF003BA3DA;
			productRefGroup = 44F72D131AECBDE0003BA3DA /* Products */;
			projectDirPath = "";
			projectRoot = "";
			targets = (
				44F72D111AECBDDF003BA3DA /* PlayWithTableView */,
				44F72D2A1AECBDE0003BA3DA /* PlayWithTableViewTests */,
			);
		};
/* End PBXProject section */

/* Begin PBXResourcesBuildPhase section */
		44F72D101AECBDDF003BA3DA /* Resources */ = {
			isa = PBXResourcesBuildPhase;
			buildActionMask = 2147483647;
			files = (
				44F72D211AECBDE0003BA3DA /* Main.storyboard in Resources */,
				44F72D451AECD759003BA3DA /* krokus.jpg in Resources */,
				44F72D261AECBDE0003BA3DA /* LaunchScreen.xib in Resources */,
				44F72D431AECD759003BA3DA /* gladi.jpg in Resources */,
				44F72D461AECD759003BA3DA /* rose.png in Resources */,
				44F72D231AECBDE0003BA3DA /* Images.xcassets in Resources */,
				44F72D441AECD759003BA3DA /* hriza.jpg in Resources */,
				44F72D421AECD759003BA3DA /* astra.jpg in Resources */,
				44F72D471AECD759003BA3DA /* tulip.jpg in Resources */,
			);
			runOnlyForDeploymentPostprocessing = 0;
		};
		44F72D291AECBDE0003BA3DA /* Resources */ = {
			isa = PBXResourcesBuildPhase;
			buildActionMask = 2147483647;
			files = (
			);
			runOnlyForDeploymentPostprocessing = 0;
		};
/* End PBXResourcesBuildPhase section */

/* Begin PBXSourcesBuildPhase section */
		44F72D0E1AECBDDF003BA3DA /* Sources */ = {
			isa = PBXSourcesBuildPhase;
			buildActionMask = 2147483647;
			files = (
				44F72D1E1AECBDE0003BA3DA /* ViewController.m in Sources */,
				44F72D1B1AECBDE0003BA3DA /* AppDelegate.m in Sources */,
				44F72D4A1AECD7EA003BA3DA /* ImageViewController.m in Sources */,
				44F72D181AECBDE0003BA3DA /* main.m in Sources */,
			);
			runOnlyForDeploymentPostprocessing = 0;
		};
		44F72D271AECBDE0003BA3DA /* Sources */ = {
			isa = PBXSourcesBuildPhase;
			buildActionMask = 2147483647;
			files = (
				44F72D321AECBDE0003BA3DA /* PlayWithTableViewTests.m in Sources */,
			);
			runOnlyForDeploymentPostprocessing = 0;
		};
/* End PBXSourcesBuildPhase section */

/* Begin PBXTargetDependency section */
		44F72D2D1AECBDE0003BA3DA /* PBXTargetDependency */ = {
			isa = PBXTargetDependency;
			target = 44F72D111AECBDDF003BA3DA /* PlayWithTableView */;
			targetProxy = 44F72D2C1AECBDE0003BA3DA /* PBXContainerItemProxy */;
		};
/* End PBXTargetDependency section */

/* Begin PBXVariantGroup section */
		44F72D1F1AECBDE0003BA3DA /* Main.storyboard */ = {
			isa = PBXVariantGroup;
			children = (
				44F72D201AECBDE0003BA3DA /* Base */,
			);
			name = Main.storyboard;
			sourceTree = "<group>";
		};
		44F72D241AECBDE0003BA3DA /* LaunchScreen.xib */ = {
			isa = PBXVariantGroup;
			children = (
				44F72D251AECBDE0003BA3DA /* Base */,
			);
			name = LaunchScreen.xib;
			sourceTree = "<group>";
		};
/* End PBXVariantGroup section */

/* Begin XCBuildConfiguration section */
		44F72D331AECBDE0003BA3DA /* Debug */ = {
			isa = XCBuildConfiguration;
			buildSettings = {
				ALWAYS_SEARCH_USER_PATHS = NO;
				CLANG_CXX_LANGUAGE_STANDARD = "gnu++0x";
				CLANG_CXX_LIBRARY = "libc++";
				CLANG_ENABLE_MODULES = YES;
				CLANG_ENABLE_OBJC_ARC = YES;
				CLANG_WARN_BOOL_CONVERSION = YES;
				CLANG_WARN_CONSTANT_CONVERSION = YES;
				CLANG_WARN_DIRECT_OBJC_ISA_USAGE = YES_ERROR;
				CLANG_WARN_EMPTY_BODY = YES;
				CLANG_WARN_ENUM_CONVERSION = YES;
				CLANG_WARN_INT_CONVERSION = YES;
				CLANG_WARN_OBJC_ROOT_CLASS = YES_ERROR;
				CLANG_WARN_UNREACHABLE_CODE = YES;
				CLANG_WARN__DUPLICATE_METHOD_MATCH = YES;
				"CODE_SIGN_IDENTITY[sdk=iphoneos*]" = "iPhone Developer";
				COPY_PHASE_STRIP = NO;
				ENABLE_STRICT_OBJC_MSGSEND = YES;
				GCC_C_LANGUAGE_STANDARD = gnu99;
				GCC_DYNAMIC_NO_PIC = NO;
				GCC_OPTIMIZATION_LEVEL = 0;
				GCC_PREPROCESSOR_DEFINITIONS = (
					"DEBUG=1",
					"$(inherited)",
				);
				GCC_SYMBOLS_PRIVATE_EXTERN = NO;
				GCC_WARN_64_TO_32_BIT_CONVERSION = YES;
				GCC_WARN_ABOUT_RETURN_TYPE = YES_ERROR;
				GCC_WARN_UNDECLARED_SELECTOR = YES;
				GCC_WARN_UNINITIALIZED_AUTOS = YES_AGGRESSIVE;
				GCC_WARN_UNUSED_FUNCTION = YES;
				GCC_WARN_UNUSED_VARIABLE = YES;
				IPHONEOS_DEPLOYMENT_TARGET = 8.1;
				MTL_ENABLE_DEBUG_INFO = YES;
				ONLY_ACTIVE_ARCH = YES;
				SDKROOT = iphoneos;
				TARGETED_DEVICE_FAMILY = "1,2";
			};
			name = Debug;
		};
		44F72D341AECBDE0003BA3DA /* Release */ = {
			isa = XCBuildConfiguration;
			buildSettings = {
				ALWAYS_SEARCH_USER_PATHS = NO;
				CLANG_CXX_LANGUAGE_STANDARD = "gnu++0x";
				CLANG_CXX_LIBRARY = "libc++";
				CLANG_ENABLE_MODULES = YES;
				CLANG_ENABLE_OBJC_ARC = YES;
				CLANG_WARN_BOOL_CONVERSION = YES;
				CLANG_WARN_CONSTANT_CONVERSION = YES;
				CLANG_WARN_DIRECT_OBJC_ISA_USAGE = YES_ERROR;
				CLANG_WARN_EMPTY_BODY = YES;
				CLANG_WARN_ENUM_CONVERSION = YES;
				CLANG_WARN_INT_CONVERSION = YES;
				CLANG_WARN_OBJC_ROOT_CLASS = YES_ERROR;
				CLANG_WARN_UNREACHABLE_CODE = YES;
				CLANG_WARN__DUPLICATE_METHOD_MATCH = YES;
				"CODE_SIGN_IDENTITY[sdk=iphoneos*]" = "iPhone Developer";
				COPY_PHASE_STRIP = YES;
				ENABLE_NS_ASSERTIONS = NO;
				ENABLE_STRICT_OBJC_MSGSEND = YES;
				GCC_C_LANGUAGE_STANDARD = gnu99;
				GCC_WARN_64_TO_32_BIT_CONVERSION = YES;
				GCC_WARN_ABOUT_RETURN_TYPE = YES_ERROR;
				GCC_WARN_UNDECLARED_SELECTOR = YES;
				GCC_WARN_UNINITIALIZED_AUTOS = YES_AGGRESSIVE;
				GCC_WARN_UNUSED_FUNCTION = YES;
				GCC_WARN_UNUSED_VARIABLE = YES;
				IPHONEOS_DEPLOYMENT_TARGET = 8.1;
				MTL_ENABLE_DEBUG_INFO = NO;
				SDKROOT = iphoneos;
				TARGETED_DEVICE_FAMILY = "1,2";
				VALIDATE_PRODUCT = YES;
			};
			name = Release;
		};
		44F72D361AECBDE0003BA3DA /* Debug */ = {
			isa = XCBuildConfiguration;
			buildSettings = {
				ASSETCATALOG_COMPILER_APPICON_NAME = AppIcon;
				INFOPLIST_FILE = PlayWithTableView/Info.plist;
				LD_RUNPATH_SEARCH_PATHS = "$(inherited) @executable_path/Frameworks";
				PRODUCT_NAME = "$(TARGET_NAME)";
			};
			name = Debug;
		};
		44F72D371AECBDE0003BA3DA /* Release */ = {
			isa = XCBuildConfiguration;
			buildSettings = {
				ASSETCATALOG_COMPILER_APPICON_NAME = AppIcon;
				INFOPLIST_FILE = PlayWithTableView/Info.plist;
				LD_RUNPATH_SEARCH_PATHS = "$(inherited) @executable_path/Frameworks";
				PRODUCT_NAME = "$(TARGET_NAME)";
			};
			name = Release;
		};
		44F72D391AECBDE0003BA3DA /* Debug */ = {
			isa = XCBuildConfiguration;
			buildSettings = {
				BUNDLE_LOADER = "$(TEST_HOST)";
				FRAMEWORK_SEARCH_PATHS = (
					"$(SDKROOT)/Developer/Library/Frameworks",
					"$(inherited)",
				);
				GCC_PREPROCESSOR_DEFINITIONS = (
					"DEBUG=1",
					"$(inherited)",
				);
				INFOPLIST_FILE = PlayWithTableViewTests/Info.plist;
				LD_RUNPATH_SEARCH_PATHS = "$(inherited) @executable_path/Frameworks @loader_path/Frameworks";
				PRODUCT_NAME = "$(TARGET_NAME)";
				TEST_HOST = "$(BUILT_PRODUCTS_DIR)/PlayWithTableView.app/PlayWithTableView";
			};
			name = Debug;
		};
		44F72D3A1AECBDE0003BA3DA /* Release */ = {
			isa = XCBuildConfiguration;
			buildSettings = {
				BUNDLE_LOADER = "$(TEST_HOST)";
				FRAMEWORK_SEARCH_PATHS = (
					"$(SDKROOT)/Developer/Library/Frameworks",
					"$(inherited)",
				);
				INFOPLIST_FILE = PlayWithTableViewTests/Info.plist;
				LD_RUNPATH_SEARCH_PATHS = "$(inherited) @executable_path/Frameworks @loader_path/Frameworks";
				PRODUCT_NAME = "$(TARGET_NAME)";
				TEST_HOST = "$(BUILT_PRODUCTS_DIR)/PlayWithTableView.app/PlayWithTableView";
			};
			name = Release;
		};
/* End XCBuildConfiguration section */

/* Begin XCConfigurationList section */
		44F72D0D1AECBDDF003BA3DA /* Build configuration list for PBXProject "PlayWithTableView" */ = {
			isa = XCConfigurationList;
			buildConfigurations = (
				44F72D331AECBDE0003BA3DA /* Debug */,
				44F72D341AECBDE0003BA3DA /* Release */,
			);
			defaultConfigurationIsVisible = 0;
			defaultConfigurationName = Release;
		};
		44F72D351AECBDE0003BA3DA /* Build configuration list for PBXNativeTarget "PlayWithTableView" */ = {
			isa = XCConfigurationList;
			buildConfigurations = (
				44F72D361AECBDE0003BA3DA /* Debug */,
				44F72D371AECBDE0003BA3DA /* Release */,
			);
			defaultConfigurationIsVisible = 0;
		};
		44F72D381AECBDE0003BA3DA /* Build configuration list for PBXNativeTarget "PlayWithTableViewTests" */ = {
			isa = XCConfigurationList;
			buildConfigurations = (
				44F72D391AECBDE0003BA3DA /* Debug */,
				44F72D3A1AECBDE0003BA3DA /* Release */,
			);
			defaultConfigurationIsVisible = 0;
		};
/* End XCConfigurationList section */
	};
	rootObject = 44F72D0A1AECBDDF003BA3DA /* Project object */;
}
